
Microsoft Visual Studio Solution File, Format Version 12.00
# Visual Studio Version 16
VisualStudioVersion = 16.0.30413.136
MinimumVisualStudioVersion = 10.0.40219.1
Project("{FAE04EC0-301F-11D3-BF4B-00C04F79EFBC}") = "blockchain-demo", "blockchain-demo\blockchain-demo.csproj", "{CED6EB26-6AF5-4FBF-8AA0-4391833485C0}"
EndProject
Global
	GlobalSection(SolutionConfigurationPlatforms) = preSolution
		Debug|Any CPU = Debug|Any CPU
		Release|Any CPU = Release|Any CPU
	EndGlobalSection
	GlobalSection(ProjectConfigurationPlatforms) = postSolution
		{CED6EB26-6AF5-4FBF-8AA0-4391833485C0}.Debug|Any CPU.ActiveCfg = Debug|Any CPU
		{CED6EB26-6AF5-4FBF-8AA0-4391833485C0}.Debug|Any CPU.Build.0 = Debug|Any CPU
		{CED6EB26-6AF5-4FBF-8AA0-4391833485C0}.Release|Any CPU.ActiveCfg = Release|Any CPU
		{CED6EB26-6AF5-4FBF-8AA0-4391833485C0}.Release|Any CPU.Build.0 = Release|Any CPU
	EndGlobalSection
	GlobalSection(SolutionProperties) = preSolution
		HideSolutionNode = FALSE
	EndGlobalSection
	GlobalSection(ExtensibilityGlobals) = postSolution
		SolutionGuid = {2603B71A-6C83-434C-A79C-3B80BB6C6FC9}
	EndGlobalSection
EndGlobal
